
Microsoft Visual Studio Solution File, Format Version 12.00
# Visual Studio 15
VisualStudioVersion = 15.0.28307.779
MinimumVisualStudioVersion = 10.0.40219.1
Project("{FAE04EC0-301F-11D3-BF4B-00C04F79EFBC}") = "chessaz", "chessaz\chessaz.csproj", "{6C9CAF22-DE44-4E63-AEC9-E6B73E6DEDFF}"
EndProject
Global
	GlobalSection(SolutionConfigurationPlatforms) = preSolution
		Debug|Any CPU = Debug|Any CPU
		Release|Any CPU = Release|Any CPU
	EndGlobalSection
	GlobalSection(ProjectConfigurationPlatforms) = postSolution
		{6C9CAF22-DE44-4E63-AEC9-E6B73E6DEDFF}.Debug|Any CPU.ActiveCfg = Debug|Any CPU
		{6C9CAF22-DE44-4E63-AEC9-E6B73E6DEDFF}.Debug|Any CPU.Build.0 = Debug|Any CPU
		{6C9CAF22-DE44-4E63-AEC9-E6B73E6DEDFF}.Release|Any CPU.ActiveCfg = Release|Any CPU
		{6C9CAF22-DE44-4E63-AEC9-E6B73E6DEDFF}.Release|Any CPU.Build.0 = Release|Any CPU
	EndGlobalSection
	GlobalSection(SolutionProperties) = preSolution
		HideSolutionNode = FALSE
	EndGlobalSection
	GlobalSection(ExtensibilityGlobals) = postSolution
		SolutionGuid = {20492257-5BA4-4365-B90F-1984208EAC8B}
	EndGlobalSection
EndGlobal
